
Microsoft Visual Studio Solution File, Format Version 12.00
# Visual Studio 15
VisualStudioVersion = 15.0.27428.2043
MinimumVisualStudioVersion = 10.0.40219.1
Project("{FAE04EC0-301F-11D3-BF4B-00C04F79EFBC}") = "RabbitMQSender", "RabbitMQSender\RabbitMQSender.csproj", "{7F56A769-B668-44E9-A177-3614622AE128}"
EndProject
Project("{FAE04EC0-301F-11D3-BF4B-00C04F79EFBC}") = "RabbitConsumer1", "RabbitConsumer1\RabbitConsumer1.csproj", "{8C051057-1A12-48BD-9DD5-300D264E130B}"
EndProject
Project("{FAE04EC0-301F-11D3-BF4B-00C04F79EFBC}") = "RabbitConsumer2", "RabbitConsumer2\RabbitConsumer2.csproj", "{0AD407C0-F816-41B4-9F4F-7336A8F89D1F}"
EndProject
Project("{FAE04EC0-301F-11D3-BF4B-00C04F79EFBC}") = "RabbitConsumer3", "RabbitConsumer3\RabbitConsumer3.csproj", "{EE404233-FCD9-4111-B60D-D00E5AA00696}"
EndProject
Global
	GlobalSection(SolutionConfigurationPlatforms) = preSolution
		Debug|Any CPU = Debug|Any CPU
		Release|Any CPU = Release|Any CPU
	EndGlobalSection
	GlobalSection(ProjectConfigurationPlatforms) = postSolution
		{7F56A769-B668-44E9-A177-3614622AE128}.Debug|Any CPU.ActiveCfg = Debug|Any CPU
		{7F56A769-B668-44E9-A177-3614622AE128}.Debug|Any CPU.Build.0 = Debug|Any CPU
		{7F56A769-B668-44E9-A177-3614622AE128}.Release|Any CPU.ActiveCfg = Release|Any CPU
		{7F56A769-B668-44E9-A177-3614622AE128}.Release|Any CPU.Build.0 = Release|Any CPU
		{8C051057-1A12-48BD-9DD5-300D264E130B}.Debug|Any CPU.ActiveCfg = Debug|Any CPU
		{8C051057-1A12-48BD-9DD5-300D264E130B}.Debug|Any CPU.Build.0 = Debug|Any CPU
		{8C051057-1A12-48BD-9DD5-300D264E130B}.Release|Any CPU.ActiveCfg = Release|Any CPU
		{8C051057-1A12-48BD-9DD5-300D264E130B}.Release|Any CPU.Build.0 = Release|Any CPU
		{0AD407C0-F816-41B4-9F4F-7336A8F89D1F}.Debug|Any CPU.ActiveCfg = Debug|Any CPU
		{0AD407C0-F816-41B4-9F4F-7336A8F89D1F}.Debug|Any CPU.Build.0 = Debug|Any CPU
		{0AD407C0-F816-41B4-9F4F-7336A8F89D1F}.Release|Any CPU.ActiveCfg = Release|Any CPU
		{0AD407C0-F816-41B4-9F4F-7336A8F89D1F}.Release|Any CPU.Build.0 = Release|Any CPU
		{EE404233-FCD9-4111-B60D-D00E5AA00696}.Debug|Any CPU.ActiveCfg = Debug|Any CPU
		{EE404233-FCD9-4111-B60D-D00E5AA00696}.Debug|Any CPU.Build.0 = Debug|Any CPU
		{EE404233-FCD9-4111-B60D-D00E5AA00696}.Release|Any CPU.ActiveCfg = Release|Any CPU
		{EE404233-FCD9-4111-B60D-D00E5AA00696}.Release|Any CPU.Build.0 = Release|Any CPU
	EndGlobalSection
	GlobalSection(SolutionProperties) = preSolution
		HideSolutionNode = FALSE
	EndGlobalSection
	GlobalSection(ExtensibilityGlobals) = postSolution
		SolutionGuid = {394C5E28-55CE-4E28-BB82-988CCC7811AB}
	EndGlobalSection
EndGlobal
